
Microsoft Visual Studio Solution File, Format Version 12.00
# Visual Studio 2012
Project("{FAE04EC0-301F-11D3-BF4B-00C04F79EFBC}") = "DAL", "DAL\DAL.csproj", "{48EB7E64-EDFA-4DAC-A12C-9DF5564EE688}"
EndProject
Project("{FAE04EC0-301F-11D3-BF4B-00C04F79EFBC}") = "SAL", "SAL\SAL.csproj", "{FABF7E2C-7FAD-466A-B4C9-E7D3CC37D1C6}"
EndProject
Project("{FAE04EC0-301F-11D3-BF4B-00C04F79EFBC}") = "BLL", "BLL\BLL.csproj", "{B3DF5DC2-D27F-48CE-A898-B2AA172C1AFC}"
EndProject
Project("{FAE04EC0-301F-11D3-BF4B-00C04F79EFBC}") = "AndroidApp", "AndroidApp\AndroidApp.csproj", "{28200993-0C46-4320-9DC6-99CF564B6D8A}"
EndProject
Project("{FAE04EC0-301F-11D3-BF4B-00C04F79EFBC}") = "iOSApp", "iOSApp\iOSApp.csproj", "{41BA7C89-66BC-4DBE-88FF-437BBCA1E3AF}"
EndProject
Global
	GlobalSection(SolutionConfigurationPlatforms) = preSolution
		Debug|Any CPU = Debug|Any CPU
		Release|Any CPU = Release|Any CPU
		Debug|iPhoneSimulator = Debug|iPhoneSimulator
		Release|iPhone = Release|iPhone
		Release|iPhoneSimulator = Release|iPhoneSimulator
		Debug|iPhone = Debug|iPhone
	EndGlobalSection
	GlobalSection(ProjectConfigurationPlatforms) = postSolution
		{48EB7E64-EDFA-4DAC-A12C-9DF5564EE688}.Debug|Any CPU.ActiveCfg = Debug|Any CPU
		{48EB7E64-EDFA-4DAC-A12C-9DF5564EE688}.Debug|Any CPU.Build.0 = Debug|Any CPU
		{48EB7E64-EDFA-4DAC-A12C-9DF5564EE688}.Release|Any CPU.ActiveCfg = Release|Any CPU
		{48EB7E64-EDFA-4DAC-A12C-9DF5564EE688}.Release|Any CPU.Build.0 = Release|Any CPU
		{48EB7E64-EDFA-4DAC-A12C-9DF5564EE688}.Debug|iPhoneSimulator.ActiveCfg = Debug|Any CPU
		{48EB7E64-EDFA-4DAC-A12C-9DF5564EE688}.Debug|iPhoneSimulator.Build.0 = Debug|Any CPU
		{48EB7E64-EDFA-4DAC-A12C-9DF5564EE688}.Release|iPhone.ActiveCfg = Release|Any CPU
		{48EB7E64-EDFA-4DAC-A12C-9DF5564EE688}.Release|iPhone.Build.0 = Release|Any CPU
		{48EB7E64-EDFA-4DAC-A12C-9DF5564EE688}.Release|iPhoneSimulator.ActiveCfg = Release|Any CPU
		{48EB7E64-EDFA-4DAC-A12C-9DF5564EE688}.Release|iPhoneSimulator.Build.0 = Release|Any CPU
		{48EB7E64-EDFA-4DAC-A12C-9DF5564EE688}.Debug|iPhone.ActiveCfg = Debug|Any CPU
		{48EB7E64-EDFA-4DAC-A12C-9DF5564EE688}.Debug|iPhone.Build.0 = Debug|Any CPU
		{FABF7E2C-7FAD-466A-B4C9-E7D3CC37D1C6}.Debug|Any CPU.ActiveCfg = Debug|Any CPU
		{FABF7E2C-7FAD-466A-B4C9-E7D3CC37D1C6}.Debug|Any CPU.Build.0 = Debug|Any CPU
		{FABF7E2C-7FAD-466A-B4C9-E7D3CC37D1C6}.Release|Any CPU.ActiveCfg = Release|Any CPU
		{FABF7E2C-7FAD-466A-B4C9-E7D3CC37D1C6}.Release|Any CPU.Build.0 = Release|Any CPU
		{FABF7E2C-7FAD-466A-B4C9-E7D3CC37D1C6}.Debug|iPhoneSimulator.ActiveCfg = Debug|Any CPU
		{FABF7E2C-7FAD-466A-B4C9-E7D3CC37D1C6}.Debug|iPhoneSimulator.Build.0 = Debug|Any CPU
		{FABF7E2C-7FAD-466A-B4C9-E7D3CC37D1C6}.Release|iPhone.ActiveCfg = Release|Any CPU
		{FABF7E2C-7FAD-466A-B4C9-E7D3CC37D1C6}.Release|iPhone.Build.0 = Release|Any CPU
		{FABF7E2C-7FAD-466A-B4C9-E7D3CC37D1C6}.Release|iPhoneSimulator.ActiveCfg = Release|Any CPU
		{FABF7E2C-7FAD-466A-B4C9-E7D3CC37D1C6}.Release|iPhoneSimulator.Build.0 = Release|Any CPU
		{FABF7E2C-7FAD-466A-B4C9-E7D3CC37D1C6}.Debug|iPhone.ActiveCfg = Debug|Any CPU
		{FABF7E2C-7FAD-466A-B4C9-E7D3CC37D1C6}.Debug|iPhone.Build.0 = Debug|Any CPU
		{B3DF5DC2-D27F-48CE-A898-B2AA172C1AFC}.Debug|Any CPU.ActiveCfg = Debug|Any CPU
		{B3DF5DC2-D27F-48CE-A898-B2AA172C1AFC}.Debug|Any CPU.Build.0 = Debug|Any CPU
		{B3DF5DC2-D27F-48CE-A898-B2AA172C1AFC}.Release|Any CPU.ActiveCfg = Release|Any CPU
		{B3DF5DC2-D27F-48CE-A898-B2AA172C1AFC}.Release|Any CPU.Build.0 = Release|Any CPU
		{B3DF5DC2-D27F-48CE-A898-B2AA172C1AFC}.Debug|iPhoneSimulator.ActiveCfg = Debug|Any CPU
		{B3DF5DC2-D27F-48CE-A898-B2AA172C1AFC}.Debug|iPhoneSimulator.Build.0 = Debug|Any CPU
		{B3DF5DC2-D27F-48CE-A898-B2AA172C1AFC}.Release|iPhone.ActiveCfg = Release|Any CPU
		{B3DF5DC2-D27F-48CE-A898-B2AA172C1AFC}.Release|iPhone.Build.0 = Release|Any CPU
		{B3DF5DC2-D27F-48CE-A898-B2AA172C1AFC}.Release|iPhoneSimulator.ActiveCfg = Release|Any CPU
		{B3DF5DC2-D27F-48CE-A898-B2AA172C1AFC}.Release|iPhoneSimulator.Build.0 = Release|Any CPU
		{B3DF5DC2-D27F-48CE-A898-B2AA172C1AFC}.Debug|iPhone.ActiveCfg = Debug|Any CPU
		{B3DF5DC2-D27F-48CE-A898-B2AA172C1AFC}.Debug|iPhone.Build.0 = Debug|Any CPU
		{28200993-0C46-4320-9DC6-99CF564B6D8A}.Debug|Any CPU.ActiveCfg = Debug|Any CPU
		{28200993-0C46-4320-9DC6-99CF564B6D8A}.Debug|Any CPU.Build.0 = Debug|Any CPU
		{28200993-0C46-4320-9DC6-99CF564B6D8A}.Release|Any CPU.ActiveCfg = Release|Any CPU
		{28200993-0C46-4320-9DC6-99CF564B6D8A}.Release|Any CPU.Build.0 = Release|Any CPU
		{28200993-0C46-4320-9DC6-99CF564B6D8A}.Debug|iPhoneSimulator.ActiveCfg = Debug|Any CPU
		{28200993-0C46-4320-9DC6-99CF564B6D8A}.Debug|iPhoneSimulator.Build.0 = Debug|Any CPU
		{28200993-0C46-4320-9DC6-99CF564B6D8A}.Release|iPhone.ActiveCfg = Release|Any CPU
		{28200993-0C46-4320-9DC6-99CF564B6D8A}.Release|iPhone.Build.0 = Release|Any CPU
		{28200993-0C46-4320-9DC6-99CF564B6D8A}.Release|iPhoneSimulator.ActiveCfg = Release|Any CPU
		{28200993-0C46-4320-9DC6-99CF564B6D8A}.Release|iPhoneSimulator.Build.0 = Release|Any CPU
		{28200993-0C46-4320-9DC6-99CF564B6D8A}.Debug|iPhone.ActiveCfg = Debug|Any CPU
		{28200993-0C46-4320-9DC6-99CF564B6D8A}.Debug|iPhone.Build.0 = Debug|Any CPU
		{41BA7C89-66BC-4DBE-88FF-437BBCA1E3AF}.Debug|Any CPU.ActiveCfg = Debug|iPhoneSimulator
		{41BA7C89-66BC-4DBE-88FF-437BBCA1E3AF}.Debug|Any CPU.Build.0 = Debug|iPhoneSimulator
		{41BA7C89-66BC-4DBE-88FF-437BBCA1E3AF}.Release|Any CPU.ActiveCfg = Release|iPhone
		{41BA7C89-66BC-4DBE-88FF-437BBCA1E3AF}.Release|Any CPU.Build.0 = Release|iPhone
		{41BA7C89-66BC-4DBE-88FF-437BBCA1E3AF}.Debug|iPhoneSimulator.ActiveCfg = Debug|iPhoneSimulator
		{41BA7C89-66BC-4DBE-88FF-437BBCA1E3AF}.Debug|iPhoneSimulator.Build.0 = Debug|iPhoneSimulator
		{41BA7C89-66BC-4DBE-88FF-437BBCA1E3AF}.Release|iPhone.ActiveCfg = Release|iPhone
		{41BA7C89-66BC-4DBE-88FF-437BBCA1E3AF}.Release|iPhone.Build.0 = Release|iPhone
		{41BA7C89-66BC-4DBE-88FF-437BBCA1E3AF}.Release|iPhoneSimulator.ActiveCfg = Release|iPhoneSimulator
		{41BA7C89-66BC-4DBE-88FF-437BBCA1E3AF}.Release|iPhoneSimulator.Build.0 = Release|iPhoneSimulator
		{41BA7C89-66BC-4DBE-88FF-437BBCA1E3AF}.Debug|iPhone.ActiveCfg = Debug|iPhone
		{41BA7C89-66BC-4DBE-88FF-437BBCA1E3AF}.Debug|iPhone.Build.0 = Debug|iPhone
	EndGlobalSection
EndGlobal
